
Microsoft Visual Studio Solution File, Format Version 12.00
# Visual Studio 15
VisualStudioVersion = 15.0.26009.0
MinimumVisualStudioVersion = 10.0.40219.1
Project("{FAE04EC0-301F-11D3-BF4B-00C04F79EFBC}") = "app_performance_monitor", "app_performance_monitor\app_performance_monitor.csproj", "{7049BF1C-0AEC-4C37-8A1D-B020ACC06F1C}"
EndProject
Global
	GlobalSection(SolutionConfigurationPlatforms) = preSolution
		Debug|Any CPU = Debug|Any CPU
		Release|Any CPU = Release|Any CPU
	EndGlobalSection
	GlobalSection(ProjectConfigurationPlatforms) = postSolution
		{7049BF1C-0AEC-4C37-8A1D-B020ACC06F1C}.Debug|Any CPU.ActiveCfg = Debug|Any CPU
		{7049BF1C-0AEC-4C37-8A1D-B020ACC06F1C}.Debug|Any CPU.Build.0 = Debug|Any CPU
		{7049BF1C-0AEC-4C37-8A1D-B020ACC06F1C}.Release|Any CPU.ActiveCfg = Release|Any CPU
		{7049BF1C-0AEC-4C37-8A1D-B020ACC06F1C}.Release|Any CPU.Build.0 = Release|Any CPU
	EndGlobalSection
	GlobalSection(SolutionProperties) = preSolution
		HideSolutionNode = FALSE
	EndGlobalSection
EndGlobal
